
Microsoft Visual Studio Solution File, Format Version 12.00
# Visual Studio Version 17
VisualStudioVersion = 17.5.002.0
MinimumVisualStudioVersion = 10.0.40219.1
Project("{9A19103F-16F7-4668-BE54-9A1E7A4F7556}") = "araba", "araba\araba.csproj", "{106A81C8-2446-479C-828A-F33A38BEF440}"
EndProject
Global
	GlobalSection(SolutionConfigurationPlatforms) = preSolution
		Debug|Any CPU = Debug|Any CPU
		Release|Any CPU = Release|Any CPU
	EndGlobalSection
	GlobalSection(ProjectConfigurationPlatforms) = postSolution
		{106A81C8-2446-479C-828A-F33A38BEF440}.Debug|Any CPU.ActiveCfg = Debug|Any CPU
		{106A81C8-2446-479C-828A-F33A38BEF440}.Debug|Any CPU.Build.0 = Debug|Any CPU
		{106A81C8-2446-479C-828A-F33A38BEF440}.Release|Any CPU.ActiveCfg = Release|Any CPU
		{106A81C8-2446-479C-828A-F33A38BEF440}.Release|Any CPU.Build.0 = Release|Any CPU
	EndGlobalSection
	GlobalSection(SolutionProperties) = preSolution
		HideSolutionNode = FALSE
	EndGlobalSection
	GlobalSection(ExtensibilityGlobals) = postSolution
		SolutionGuid = {0576A977-079C-4561-99FD-E163CA081391}
	EndGlobalSection
EndGlobal
